
Microsoft Visual Studio Solution File, Format Version 12.00
# Visual Studio Version 17
VisualStudioVersion = 17.1.32407.343
MinimumVisualStudioVersion = 10.0.40219.1
Project("{9A19103F-16F7-4668-BE54-9A1E7A4F7556}") = "ScopeX.ComModel", "ScopeX.ComModel\ScopeX.ComModel.csproj", "{E56AB483-217E-4C96-B278-82634D256619}"
EndProject
Project("{9A19103F-16F7-4668-BE54-9A1E7A4F7556}") = "ScopeX.U2", "ScopeX.U2\ScopeX.U2.csproj", "{729BBA63-32F0-40BD-93C6-F512B0AA2F0D}"
EndProject
Project("{9A19103F-16F7-4668-BE54-9A1E7A4F7556}") = "ScopeX.Hardware.Calibration.Data.Base", "MSO8000HD\ScopeX.Hardware.Calibration.Data.Base\ScopeX.Hardware.Calibration.Data.Base.csproj", "{E0585371-F71A-41F9-BC70-202B02B1DFE2}"
EndProject
Project("{9A19103F-16F7-4668-BE54-9A1E7A4F7556}") = "ScopeX.Hardware.Calibration.Tool.Base", "MSO8000HD\ScopeX.Hardware.Calibration.Tool.Base\ScopeX.Hardware.Calibration.Tool.Base.csproj", "{62DF3944-0D86-478F-8750-BFA95F566686}"
EndProject
Project("{9A19103F-16F7-4668-BE54-9A1E7A4F7556}") = "ScopeX.Hardware.Driver", "MSO8000HD\ScopeX.Hardware.Driver.JiHe\ScopeX.Hardware.Driver.csproj", "{BA589667-CA95-4C38-B59E-C3029EF4F1A6}"
EndProject
Project("{9A19103F-16F7-4668-BE54-9A1E7A4F7556}") = "ScopeX.Updater.Base", "MSO8000HD\ScopeX.Updater.Base\ScopeX.Updater.Base.csproj", "{BA1FE9DB-E42C-443C-956F-E0D24D220063}"
EndProject
Project("{9A19103F-16F7-4668-BE54-9A1E7A4F7556}") = "ScopeX.Updater.PackageGenerator", "MSO8000HD\ScopeX.Updater.PackageGenerator\ScopeX.Updater.PackageGenerator.csproj", "{B07C701B-01F7-4A4B-ABAC-F09CEAFC3E26}"
EndProject
Project("{9A19103F-16F7-4668-BE54-9A1E7A4F7556}") = "ScopeX.Core", "ScopeX.Core\ScopeX.Core.csproj", "{72EDD475-7D81-46B1-97B2-58B0C5061383}"
EndProject
Project("{9A19103F-16F7-4668-BE54-9A1E7A4F7556}") = "ScopeX.Scpi", "ScopeX.Scpi\ScopeX.Scpi.csproj", "{5FE00AB8-00B2-4AA5-9B27-0C9C63A1BB51}"
EndProject
Project("{9A19103F-16F7-4668-BE54-9A1E7A4F7556}") = "ScopeX.Hardware.Calibration.Tool", "MSO8000HD\ScopeX.Hardware.Calibration.Tool\ScopeX.Hardware.Calibration.Tool.csproj", "{EB01A1AE-7419-4CEC-9B3A-E2647FE96084}"
EndProject
Global
	GlobalSection(SolutionConfigurationPlatforms) = preSolution
		Debug|Any CPU = Debug|Any CPU
		Debug|x64 = Debug|x64
		Debug|x86 = Debug|x86
		HardwareWithMatlab|Any CPU = HardwareWithMatlab|Any CPU
		HardwareWithMatlab|x64 = HardwareWithMatlab|x64
		HardwareWithMatlab|x86 = HardwareWithMatlab|x86
		Release|Any CPU = Release|Any CPU
		Release|x64 = Release|x64
		Release|x86 = Release|x86
	EndGlobalSection
	GlobalSection(ProjectConfigurationPlatforms) = postSolution
		{E56AB483-217E-4C96-B278-82634D256619}.Debug|Any CPU.ActiveCfg = Debug|Any CPU
		{E56AB483-217E-4C96-B278-82634D256619}.Debug|Any CPU.Build.0 = Debug|Any CPU
		{E56AB483-217E-4C96-B278-82634D256619}.Debug|x64.ActiveCfg = Debug|x64
		{E56AB483-217E-4C96-B278-82634D256619}.Debug|x64.Build.0 = Debug|x64
		{E56AB483-217E-4C96-B278-82634D256619}.Debug|x86.ActiveCfg = Debug|Any CPU
		{E56AB483-217E-4C96-B278-82634D256619}.Debug|x86.Build.0 = Debug|Any CPU
		{E56AB483-217E-4C96-B278-82634D256619}.HardwareWithMatlab|Any CPU.ActiveCfg = Debug|Any CPU
		{E56AB483-217E-4C96-B278-82634D256619}.HardwareWithMatlab|Any CPU.Build.0 = Debug|Any CPU
		{E56AB483-217E-4C96-B278-82634D256619}.HardwareWithMatlab|x64.ActiveCfg = Debug|x64
		{E56AB483-217E-4C96-B278-82634D256619}.HardwareWithMatlab|x64.Build.0 = Debug|x64
		{E56AB483-217E-4C96-B278-82634D256619}.HardwareWithMatlab|x86.ActiveCfg = Release|Any CPU
		{E56AB483-217E-4C96-B278-82634D256619}.HardwareWithMatlab|x86.Build.0 = Release|Any CPU
		{E56AB483-217E-4C96-B278-82634D256619}.Release|Any CPU.ActiveCfg = Release|Any CPU
		{E56AB483-217E-4C96-B278-82634D256619}.Release|Any CPU.Build.0 = Release|Any CPU
		{E56AB483-217E-4C96-B278-82634D256619}.Release|x64.ActiveCfg = Release|x64
		{E56AB483-217E-4C96-B278-82634D256619}.Release|x64.Build.0 = Release|x64
		{E56AB483-217E-4C96-B278-82634D256619}.Release|x86.ActiveCfg = Release|Any CPU
		{E56AB483-217E-4C96-B278-82634D256619}.Release|x86.Build.0 = Release|Any CPU
		{729BBA63-32F0-40BD-93C6-F512B0AA2F0D}.Debug|Any CPU.ActiveCfg = Debug|Any CPU
		{729BBA63-32F0-40BD-93C6-F512B0AA2F0D}.Debug|Any CPU.Build.0 = Debug|Any CPU
		{729BBA63-32F0-40BD-93C6-F512B0AA2F0D}.Debug|x64.ActiveCfg = Debug|x64
		{729BBA63-32F0-40BD-93C6-F512B0AA2F0D}.Debug|x64.Build.0 = Debug|x64
		{729BBA63-32F0-40BD-93C6-F512B0AA2F0D}.Debug|x86.ActiveCfg = Debug|Any CPU
		{729BBA63-32F0-40BD-93C6-F512B0AA2F0D}.Debug|x86.Build.0 = Debug|Any CPU
		{729BBA63-32F0-40BD-93C6-F512B0AA2F0D}.HardwareWithMatlab|Any CPU.ActiveCfg = Debug|Any CPU
		{729BBA63-32F0-40BD-93C6-F512B0AA2F0D}.HardwareWithMatlab|Any CPU.Build.0 = Debug|Any CPU
		{729BBA63-32F0-40BD-93C6-F512B0AA2F0D}.HardwareWithMatlab|x64.ActiveCfg = Debug|x64
		{729BBA63-32F0-40BD-93C6-F512B0AA2F0D}.HardwareWithMatlab|x64.Build.0 = Debug|x64
		{729BBA63-32F0-40BD-93C6-F512B0AA2F0D}.HardwareWithMatlab|x86.ActiveCfg = Release|Any CPU
		{729BBA63-32F0-40BD-93C6-F512B0AA2F0D}.HardwareWithMatlab|x86.Build.0 = Release|Any CPU
		{729BBA63-32F0-40BD-93C6-F512B0AA2F0D}.Release|Any CPU.ActiveCfg = Release|Any CPU
		{729BBA63-32F0-40BD-93C6-F512B0AA2F0D}.Release|Any CPU.Build.0 = Release|Any CPU
		{729BBA63-32F0-40BD-93C6-F512B0AA2F0D}.Release|x64.ActiveCfg = Release|x64
		{729BBA63-32F0-40BD-93C6-F512B0AA2F0D}.Release|x64.Build.0 = Release|x64
		{729BBA63-32F0-40BD-93C6-F512B0AA2F0D}.Release|x86.ActiveCfg = Release|Any CPU
		{729BBA63-32F0-40BD-93C6-F512B0AA2F0D}.Release|x86.Build.0 = Release|Any CPU
		{E0585371-F71A-41F9-BC70-202B02B1DFE2}.Debug|Any CPU.ActiveCfg = Debug|Any CPU
		{E0585371-F71A-41F9-BC70-202B02B1DFE2}.Debug|Any CPU.Build.0 = Debug|Any CPU
		{E0585371-F71A-41F9-BC70-202B02B1DFE2}.Debug|x64.ActiveCfg = Debug|x64
		{E0585371-F71A-41F9-BC70-202B02B1DFE2}.Debug|x64.Build.0 = Debug|x64
		{E0585371-F71A-41F9-BC70-202B02B1DFE2}.Debug|x86.ActiveCfg = Debug|x86
		{E0585371-F71A-41F9-BC70-202B02B1DFE2}.Debug|x86.Build.0 = Debug|x86
		{E0585371-F71A-41F9-BC70-202B02B1DFE2}.HardwareWithMatlab|Any CPU.ActiveCfg = HardwareWithMatlab|Any CPU
		{E0585371-F71A-41F9-BC70-202B02B1DFE2}.HardwareWithMatlab|Any CPU.Build.0 = HardwareWithMatlab|Any CPU
		{E0585371-F71A-41F9-BC70-202B02B1DFE2}.HardwareWithMatlab|x64.ActiveCfg = HardwareWithMatlab|x64
		{E0585371-F71A-41F9-BC70-202B02B1DFE2}.HardwareWithMatlab|x64.Build.0 = HardwareWithMatlab|x64
		{E0585371-F71A-41F9-BC70-202B02B1DFE2}.HardwareWithMatlab|x86.ActiveCfg = HardwareWithMatlab|x86
		{E0585371-F71A-41F9-BC70-202B02B1DFE2}.HardwareWithMatlab|x86.Build.0 = HardwareWithMatlab|x86
		{E0585371-F71A-41F9-BC70-202B02B1DFE2}.Release|Any CPU.ActiveCfg = Release|Any CPU
		{E0585371-F71A-41F9-BC70-202B02B1DFE2}.Release|Any CPU.Build.0 = Release|Any CPU
		{E0585371-F71A-41F9-BC70-202B02B1DFE2}.Release|x64.ActiveCfg = Release|x64
		{E0585371-F71A-41F9-BC70-202B02B1DFE2}.Release|x64.Build.0 = Release|x64
		{E0585371-F71A-41F9-BC70-202B02B1DFE2}.Release|x86.ActiveCfg = Release|x86
		{E0585371-F71A-41F9-BC70-202B02B1DFE2}.Release|x86.Build.0 = Release|x86
		{62DF3944-0D86-478F-8750-BFA95F566686}.Debug|Any CPU.ActiveCfg = Debug|Any CPU
		{62DF3944-0D86-478F-8750-BFA95F566686}.Debug|Any CPU.Build.0 = Debug|Any CPU
		{62DF3944-0D86-478F-8750-BFA95F566686}.Debug|x64.ActiveCfg = Debug|Any CPU
		{62DF3944-0D86-478F-8750-BFA95F566686}.Debug|x64.Build.0 = Debug|Any CPU
		{62DF3944-0D86-478F-8750-BFA95F566686}.Debug|x86.ActiveCfg = Debug|x86
		{62DF3944-0D86-478F-8750-BFA95F566686}.Debug|x86.Build.0 = Debug|x86
		{62DF3944-0D86-478F-8750-BFA95F566686}.HardwareWithMatlab|Any CPU.ActiveCfg = Debug|Any CPU
		{62DF3944-0D86-478F-8750-BFA95F566686}.HardwareWithMatlab|Any CPU.Build.0 = Debug|Any CPU
		{62DF3944-0D86-478F-8750-BFA95F566686}.HardwareWithMatlab|x64.ActiveCfg = Debug|Any CPU
		{62DF3944-0D86-478F-8750-BFA95F566686}.HardwareWithMatlab|x64.Build.0 = Debug|Any CPU
		{62DF3944-0D86-478F-8750-BFA95F566686}.HardwareWithMatlab|x86.ActiveCfg = Debug|x86
		{62DF3944-0D86-478F-8750-BFA95F566686}.HardwareWithMatlab|x86.Build.0 = Debug|x86
		{62DF3944-0D86-478F-8750-BFA95F566686}.Release|Any CPU.ActiveCfg = Release|Any CPU
		{62DF3944-0D86-478F-8750-BFA95F566686}.Release|Any CPU.Build.0 = Release|Any CPU
		{62DF3944-0D86-478F-8750-BFA95F566686}.Release|x64.ActiveCfg = Release|Any CPU
		{62DF3944-0D86-478F-8750-BFA95F566686}.Release|x64.Build.0 = Release|Any CPU
		{62DF3944-0D86-478F-8750-BFA95F566686}.Release|x86.ActiveCfg = Release|x86
		{62DF3944-0D86-478F-8750-BFA95F566686}.Release|x86.Build.0 = Release|x86
		{BA589667-CA95-4C38-B59E-C3029EF4F1A6}.Debug|Any CPU.ActiveCfg = Debug|Any CPU
		{BA589667-CA95-4C38-B59E-C3029EF4F1A6}.Debug|Any CPU.Build.0 = Debug|Any CPU
		{BA589667-CA95-4C38-B59E-C3029EF4F1A6}.Debug|x64.ActiveCfg = Debug|Any CPU
		{BA589667-CA95-4C38-B59E-C3029EF4F1A6}.Debug|x64.Build.0 = Debug|Any CPU
		{BA589667-CA95-4C38-B59E-C3029EF4F1A6}.Debug|x86.ActiveCfg = Debug|x86
		{BA589667-CA95-4C38-B59E-C3029EF4F1A6}.Debug|x86.Build.0 = Debug|x86
		{BA589667-CA95-4C38-B59E-C3029EF4F1A6}.HardwareWithMatlab|Any CPU.ActiveCfg = HardwareWithMatlab|Any CPU
		{BA589667-CA95-4C38-B59E-C3029EF4F1A6}.HardwareWithMatlab|Any CPU.Build.0 = HardwareWithMatlab|Any CPU
		{BA589667-CA95-4C38-B59E-C3029EF4F1A6}.HardwareWithMatlab|x64.ActiveCfg = HardwareWithMatlab|Any CPU
		{BA589667-CA95-4C38-B59E-C3029EF4F1A6}.HardwareWithMatlab|x64.Build.0 = HardwareWithMatlab|Any CPU
		{BA589667-CA95-4C38-B59E-C3029EF4F1A6}.HardwareWithMatlab|x86.ActiveCfg = HardwareWithMatlab|x86
		{BA589667-CA95-4C38-B59E-C3029EF4F1A6}.HardwareWithMatlab|x86.Build.0 = HardwareWithMatlab|x86
		{BA589667-CA95-4C38-B59E-C3029EF4F1A6}.Release|Any CPU.ActiveCfg = Release|Any CPU
		{BA589667-CA95-4C38-B59E-C3029EF4F1A6}.Release|Any CPU.Build.0 = Release|Any CPU
		{BA589667-CA95-4C38-B59E-C3029EF4F1A6}.Release|x64.ActiveCfg = Release|Any CPU
		{BA589667-CA95-4C38-B59E-C3029EF4F1A6}.Release|x64.Build.0 = Release|Any CPU
		{BA589667-CA95-4C38-B59E-C3029EF4F1A6}.Release|x86.ActiveCfg = Release|x86
		{BA589667-CA95-4C38-B59E-C3029EF4F1A6}.Release|x86.Build.0 = Release|x86
		{BA1FE9DB-E42C-443C-956F-E0D24D220063}.Debug|Any CPU.ActiveCfg = Debug|Any CPU
		{BA1FE9DB-E42C-443C-956F-E0D24D220063}.Debug|Any CPU.Build.0 = Debug|Any CPU
		{BA1FE9DB-E42C-443C-956F-E0D24D220063}.Debug|x64.ActiveCfg = Debug|x64
		{BA1FE9DB-E42C-443C-956F-E0D24D220063}.Debug|x64.Build.0 = Debug|x64
		{BA1FE9DB-E42C-443C-956F-E0D24D220063}.Debug|x86.ActiveCfg = Debug|x86
		{BA1FE9DB-E42C-443C-956F-E0D24D220063}.Debug|x86.Build.0 = Debug|x86
		{BA1FE9DB-E42C-443C-956F-E0D24D220063}.HardwareWithMatlab|Any CPU.ActiveCfg = Debug|Any CPU
		{BA1FE9DB-E42C-443C-956F-E0D24D220063}.HardwareWithMatlab|Any CPU.Build.0 = Debug|Any CPU
		{BA1FE9DB-E42C-443C-956F-E0D24D220063}.HardwareWithMatlab|x64.ActiveCfg = Debug|x64
		{BA1FE9DB-E42C-443C-956F-E0D24D220063}.HardwareWithMatlab|x64.Build.0 = Debug|x64
		{BA1FE9DB-E42C-443C-956F-E0D24D220063}.HardwareWithMatlab|x86.ActiveCfg = Debug|x86
		{BA1FE9DB-E42C-443C-956F-E0D24D220063}.HardwareWithMatlab|x86.Build.0 = Debug|x86
		{BA1FE9DB-E42C-443C-956F-E0D24D220063}.Release|Any CPU.ActiveCfg = Release|Any CPU
		{BA1FE9DB-E42C-443C-956F-E0D24D220063}.Release|Any CPU.Build.0 = Release|Any CPU
		{BA1FE9DB-E42C-443C-956F-E0D24D220063}.Release|x64.ActiveCfg = Release|x64
		{BA1FE9DB-E42C-443C-956F-E0D24D220063}.Release|x64.Build.0 = Release|x64
		{BA1FE9DB-E42C-443C-956F-E0D24D220063}.Release|x86.ActiveCfg = Release|x86
		{BA1FE9DB-E42C-443C-956F-E0D24D220063}.Release|x86.Build.0 = Release|x86
		{B07C701B-01F7-4A4B-ABAC-F09CEAFC3E26}.Debug|Any CPU.ActiveCfg = Debug|Any CPU
		{B07C701B-01F7-4A4B-ABAC-F09CEAFC3E26}.Debug|Any CPU.Build.0 = Debug|Any CPU
		{B07C701B-01F7-4A4B-ABAC-F09CEAFC3E26}.Debug|x64.ActiveCfg = Debug|x64
		{B07C701B-01F7-4A4B-ABAC-F09CEAFC3E26}.Debug|x64.Build.0 = Debug|x64
		{B07C701B-01F7-4A4B-ABAC-F09CEAFC3E26}.Debug|x86.ActiveCfg = Debug|x86
		{B07C701B-01F7-4A4B-ABAC-F09CEAFC3E26}.Debug|x86.Build.0 = Debug|x86
		{B07C701B-01F7-4A4B-ABAC-F09CEAFC3E26}.HardwareWithMatlab|Any CPU.ActiveCfg = Debug|Any CPU
		{B07C701B-01F7-4A4B-ABAC-F09CEAFC3E26}.HardwareWithMatlab|Any CPU.Build.0 = Debug|Any CPU
		{B07C701B-01F7-4A4B-ABAC-F09CEAFC3E26}.HardwareWithMatlab|x64.ActiveCfg = Debug|x64
		{B07C701B-01F7-4A4B-ABAC-F09CEAFC3E26}.HardwareWithMatlab|x64.Build.0 = Debug|x64
		{B07C701B-01F7-4A4B-ABAC-F09CEAFC3E26}.HardwareWithMatlab|x86.ActiveCfg = Debug|x86
		{B07C701B-01F7-4A4B-ABAC-F09CEAFC3E26}.HardwareWithMatlab|x86.Build.0 = Debug|x86
		{B07C701B-01F7-4A4B-ABAC-F09CEAFC3E26}.Release|Any CPU.ActiveCfg = Release|Any CPU
		{B07C701B-01F7-4A4B-ABAC-F09CEAFC3E26}.Release|Any CPU.Build.0 = Release|Any CPU
		{B07C701B-01F7-4A4B-ABAC-F09CEAFC3E26}.Release|x64.ActiveCfg = Release|x64
		{B07C701B-01F7-4A4B-ABAC-F09CEAFC3E26}.Release|x64.Build.0 = Release|x64
		{B07C701B-01F7-4A4B-ABAC-F09CEAFC3E26}.Release|x86.ActiveCfg = Release|x86
		{B07C701B-01F7-4A4B-ABAC-F09CEAFC3E26}.Release|x86.Build.0 = Release|x86
		{72EDD475-7D81-46B1-97B2-58B0C5061383}.Debug|Any CPU.ActiveCfg = Debug|Any CPU
		{72EDD475-7D81-46B1-97B2-58B0C5061383}.Debug|Any CPU.Build.0 = Debug|Any CPU
		{72EDD475-7D81-46B1-97B2-58B0C5061383}.Debug|x64.ActiveCfg = Debug|x64
		{72EDD475-7D81-46B1-97B2-58B0C5061383}.Debug|x64.Build.0 = Debug|x64
		{72EDD475-7D81-46B1-97B2-58B0C5061383}.Debug|x86.ActiveCfg = Debug|Any CPU
		{72EDD475-7D81-46B1-97B2-58B0C5061383}.Debug|x86.Build.0 = Debug|Any CPU
		{72EDD475-7D81-46B1-97B2-58B0C5061383}.HardwareWithMatlab|Any CPU.ActiveCfg = Debug|Any CPU
		{72EDD475-7D81-46B1-97B2-58B0C5061383}.HardwareWithMatlab|Any CPU.Build.0 = Debug|Any CPU
		{72EDD475-7D81-46B1-97B2-58B0C5061383}.HardwareWithMatlab|x64.ActiveCfg = Debug|x64
		{72EDD475-7D81-46B1-97B2-58B0C5061383}.HardwareWithMatlab|x64.Build.0 = Debug|x64
		{72EDD475-7D81-46B1-97B2-58B0C5061383}.HardwareWithMatlab|x86.ActiveCfg = Debug|Any CPU
		{72EDD475-7D81-46B1-97B2-58B0C5061383}.HardwareWithMatlab|x86.Build.0 = Debug|Any CPU
		{72EDD475-7D81-46B1-97B2-58B0C5061383}.Release|Any CPU.ActiveCfg = Release|Any CPU
		{72EDD475-7D81-46B1-97B2-58B0C5061383}.Release|Any CPU.Build.0 = Release|Any CPU
		{72EDD475-7D81-46B1-97B2-58B0C5061383}.Release|x64.ActiveCfg = Release|x64
		{72EDD475-7D81-46B1-97B2-58B0C5061383}.Release|x64.Build.0 = Release|x64
		{72EDD475-7D81-46B1-97B2-58B0C5061383}.Release|x86.ActiveCfg = Release|Any CPU
		{72EDD475-7D81-46B1-97B2-58B0C5061383}.Release|x86.Build.0 = Release|Any CPU
		{5FE00AB8-00B2-4AA5-9B27-0C9C63A1BB51}.Debug|Any CPU.ActiveCfg = Debug|Any CPU
		{5FE00AB8-00B2-4AA5-9B27-0C9C63A1BB51}.Debug|Any CPU.Build.0 = Debug|Any CPU
		{5FE00AB8-00B2-4AA5-9B27-0C9C63A1BB51}.Debug|x64.ActiveCfg = Debug|x64
		{5FE00AB8-00B2-4AA5-9B27-0C9C63A1BB51}.Debug|x64.Build.0 = Debug|x64
		{5FE00AB8-00B2-4AA5-9B27-0C9C63A1BB51}.Debug|x86.ActiveCfg = Debug|Any CPU
		{5FE00AB8-00B2-4AA5-9B27-0C9C63A1BB51}.Debug|x86.Build.0 = Debug|Any CPU
		{5FE00AB8-00B2-4AA5-9B27-0C9C63A1BB51}.HardwareWithMatlab|Any CPU.ActiveCfg = Debug|Any CPU
		{5FE00AB8-00B2-4AA5-9B27-0C9C63A1BB51}.HardwareWithMatlab|Any CPU.Build.0 = Debug|Any CPU
		{5FE00AB8-00B2-4AA5-9B27-0C9C63A1BB51}.HardwareWithMatlab|x64.ActiveCfg = Debug|x64
		{5FE00AB8-00B2-4AA5-9B27-0C9C63A1BB51}.HardwareWithMatlab|x64.Build.0 = Debug|x64
		{5FE00AB8-00B2-4AA5-9B27-0C9C63A1BB51}.HardwareWithMatlab|x86.ActiveCfg = Debug|Any CPU
		{5FE00AB8-00B2-4AA5-9B27-0C9C63A1BB51}.HardwareWithMatlab|x86.Build.0 = Debug|Any CPU
		{5FE00AB8-00B2-4AA5-9B27-0C9C63A1BB51}.Release|Any CPU.ActiveCfg = Release|Any CPU
		{5FE00AB8-00B2-4AA5-9B27-0C9C63A1BB51}.Release|Any CPU.Build.0 = Release|Any CPU
		{5FE00AB8-00B2-4AA5-9B27-0C9C63A1BB51}.Release|x64.ActiveCfg = Release|x64
		{5FE00AB8-00B2-4AA5-9B27-0C9C63A1BB51}.Release|x64.Build.0 = Release|x64
		{5FE00AB8-00B2-4AA5-9B27-0C9C63A1BB51}.Release|x86.ActiveCfg = Release|Any CPU
		{5FE00AB8-00B2-4AA5-9B27-0C9C63A1BB51}.Release|x86.Build.0 = Release|Any CPU
		{EB01A1AE-7419-4CEC-9B3A-E2647FE96084}.Debug|Any CPU.ActiveCfg = Debug|Any CPU
		{EB01A1AE-7419-4CEC-9B3A-E2647FE96084}.Debug|Any CPU.Build.0 = Debug|Any CPU
		{EB01A1AE-7419-4CEC-9B3A-E2647FE96084}.Debug|x64.ActiveCfg = Debug|Any CPU
		{EB01A1AE-7419-4CEC-9B3A-E2647FE96084}.Debug|x64.Build.0 = Debug|Any CPU
		{EB01A1AE-7419-4CEC-9B3A-E2647FE96084}.Debug|x86.ActiveCfg = Debug|x86
		{EB01A1AE-7419-4CEC-9B3A-E2647FE96084}.Debug|x86.Build.0 = Debug|x86
		{EB01A1AE-7419-4CEC-9B3A-E2647FE96084}.HardwareWithMatlab|Any CPU.ActiveCfg = Debug|Any CPU
		{EB01A1AE-7419-4CEC-9B3A-E2647FE96084}.HardwareWithMatlab|Any CPU.Build.0 = Debug|Any CPU
		{EB01A1AE-7419-4CEC-9B3A-E2647FE96084}.HardwareWithMatlab|x64.ActiveCfg = Debug|Any CPU
		{EB01A1AE-7419-4CEC-9B3A-E2647FE96084}.HardwareWithMatlab|x64.Build.0 = Debug|Any CPU
		{EB01A1AE-7419-4CEC-9B3A-E2647FE96084}.HardwareWithMatlab|x86.ActiveCfg = Debug|x86
		{EB01A1AE-7419-4CEC-9B3A-E2647FE96084}.HardwareWithMatlab|x86.Build.0 = Debug|x86
		{EB01A1AE-7419-4CEC-9B3A-E2647FE96084}.Release|Any CPU.ActiveCfg = Release|Any CPU
		{EB01A1AE-7419-4CEC-9B3A-E2647FE96084}.Release|Any CPU.Build.0 = Release|Any CPU
		{EB01A1AE-7419-4CEC-9B3A-E2647FE96084}.Release|x64.ActiveCfg = Release|Any CPU
		{EB01A1AE-7419-4CEC-9B3A-E2647FE96084}.Release|x64.Build.0 = Release|Any CPU
		{EB01A1AE-7419-4CEC-9B3A-E2647FE96084}.Release|x86.ActiveCfg = Release|x86
		{EB01A1AE-7419-4CEC-9B3A-E2647FE96084}.Release|x86.Build.0 = Release|x86
	EndGlobalSection
	GlobalSection(SolutionProperties) = preSolution
		HideSolutionNode = FALSE
	EndGlobalSection
	GlobalSection(ExtensibilityGlobals) = postSolution
		SolutionGuid = {55CB2E41-4160-4DF2-8EF3-264F5BE3BC3C}
	EndGlobalSection
EndGlobal
