
Microsoft Visual Studio Solution File, Format Version 12.00
# Visual Studio Version 16
VisualStudioVersion = 16.0.31205.134
MinimumVisualStudioVersion = 10.0.40219.1
Project("{9A19103F-16F7-4668-BE54-9A1E7A4F7556}") = "Uestc.Auto6.Dso.Hardware.Calibration.Tool", "Uestc.Auto6.Dso.Hardware.Calibration.Tool.csproj", "{8CACA622-D7FD-40BD-93CA-1BA3BDFF6E24}"
EndProject
Global
	GlobalSection(SolutionConfigurationPlatforms) = preSolution
		Debug|Any CPU = Debug|Any CPU
		HardwareWithMatLab|Any CPU = HardwareWithMatLab|Any CPU
		Release|Any CPU = Release|Any CPU
	EndGlobalSection
	GlobalSection(ProjectConfigurationPlatforms) = postSolution
		{8CACA622-D7FD-40BD-93CA-1BA3BDFF6E24}.Debug|Any CPU.ActiveCfg = Debug|Any CPU
		{8CACA622-D7FD-40BD-93CA-1BA3BDFF6E24}.Debug|Any CPU.Build.0 = Debug|Any CPU
		{8CACA622-D7FD-40BD-93CA-1BA3BDFF6E24}.HardwareWithMatLab|Any CPU.ActiveCfg = HardwareWithMatLab|Any CPU
		{8CACA622-D7FD-40BD-93CA-1BA3BDFF6E24}.HardwareWithMatLab|Any CPU.Build.0 = HardwareWithMatLab|Any CPU
		{8CACA622-D7FD-40BD-93CA-1BA3BDFF6E24}.Release|Any CPU.ActiveCfg = Release|Any CPU
		{8CACA622-D7FD-40BD-93CA-1BA3BDFF6E24}.Release|Any CPU.Build.0 = Release|Any CPU
	EndGlobalSection
	GlobalSection(SolutionProperties) = preSolution
		HideSolutionNode = FALSE
	EndGlobalSection
	GlobalSection(ExtensibilityGlobals) = postSolution
		SolutionGuid = {AF6DBD31-6197-48C7-8BF1-699F973B1117}
	EndGlobalSection
EndGlobal
